
Microsoft Visual Studio Solution File, Format Version 12.00
# Visual Studio Version 17
VisualStudioVersion = 17.7.34024.191
MinimumVisualStudioVersion = 10.0.40219.1
Project("{FAE04EC0-301F-11D3-BF4B-00C04F79EFBC}") = "CRUDConstructor", "CRUDConstructor.csproj", "{EA6AE46F-9232-4731-AF03-9020419E3336}"
EndProject
Global
	GlobalSection(SolutionConfigurationPlatforms) = preSolution
		Debug|Any CPU = Debug|Any CPU
		Release|Any CPU = Release|Any CPU
	EndGlobalSection
	GlobalSection(ProjectConfigurationPlatforms) = postSolution
		{EA6AE46F-9232-4731-AF03-9020419E3336}.Debug|Any CPU.ActiveCfg = Debug|Any CPU
		{EA6AE46F-9232-4731-AF03-9020419E3336}.Debug|Any CPU.Build.0 = Debug|Any CPU
		{EA6AE46F-9232-4731-AF03-9020419E3336}.Release|Any CPU.ActiveCfg = Release|Any CPU
		{EA6AE46F-9232-4731-AF03-9020419E3336}.Release|Any CPU.Build.0 = Release|Any CPU
	EndGlobalSection
	GlobalSection(SolutionProperties) = preSolution
		HideSolutionNode = FALSE
	EndGlobalSection
	GlobalSection(ExtensibilityGlobals) = postSolution
		SolutionGuid = {C7E1EC4B-2056-4315-AE08-E63C2908FB69}
	EndGlobalSection
EndGlobal
